// !$*UTF8*$!
{
	archiveVersion = 1;
	classes = {
	};
	objectVersion = 55;
	objects = {

/* Begin PBXBuildFile section */
		4FD95D4D27902CD8008FFB68 /* Music_PlayerApp.swift in Sources */ = {isa = PBXBuildFile; fileRef = 4FD95D4C27902CD8008FFB68 /* Music_PlayerApp.swift */; };
		4FD95D4F27902CD8008FFB68 /* LibraryView.swift in Sources */ = {isa = PBXBuildFile; fileRef = 4FD95D4E27902CD8008FFB68 /* LibraryView.swift */; };
		4FD95D5127902CDA008FFB68 /* Assets.xcassets in Resources */ = {isa = PBXBuildFile; fileRef = 4FD95D5027902CDA008FFB68 /* Assets.xcassets */; };
		4FD95D5427902CDA008FFB68 /* Preview Assets.xcassets in Resources */ = {isa = PBXBuildFile; fileRef = 4FD95D5327902CDA008FFB68 /* Preview Assets.xcassets */; };
		4FD95D5D27902D54008FFB68 /* Constants.swift in Sources */ = {isa = PBXBuildFile; fileRef = 4FD95D5C27902D54008FFB68 /* Constants.swift */; };
		4FD95D5F27902D79008FFB68 /* Error.swift in Sources */ = {isa = PBXBuildFile; fileRef = 4FD95D5E27902D79008FFB68 /* Error.swift */; };
		4FD95D6727903146008FFB68 /* LibraryAlbum.swift in Sources */ = {isa = PBXBuildFile; fileRef = 4FD95D6627903146008FFB68 /* LibraryAlbum.swift */; };
		4FD95D6927903176008FFB68 /* LibraryAlbumsViewModel.swift in Sources */ = {isa = PBXBuildFile; fileRef = 4FD95D6827903176008FFB68 /* LibraryAlbumsViewModel.swift */; };
		4FD95D6B27906690008FFB68 /* AlbumDetailView.swift in Sources */ = {isa = PBXBuildFile; fileRef = 4FD95D6A27906690008FFB68 /* AlbumDetailView.swift */; };
/* End PBXBuildFile section */

/* Begin PBXFileReference section */
		4FD95D4927902CD8008FFB68 /* Music-Player.app */ = {isa = PBXFileReference; explicitFileType = wrapper.application; includeInIndex = 0; path = "Music-Player.app"; sourceTree = BUILT_PRODUCTS_DIR; };
		4FD95D4C27902CD8008FFB68 /* Music_PlayerApp.swift */ = {isa = PBXFileReference; lastKnownFileType = sourcecode.swift; path = Music_PlayerApp.swift; sourceTree = "<group>"; };
		4FD95D4E27902CD8008FFB68 /* LibraryView.swift */ = {isa = PBXFileReference; lastKnownFileType = sourcecode.swift; path = LibraryView.swift; sourceTree = "<group>"; };
		4FD95D5027902CDA008FFB68 /* Assets.xcassets */ = {isa = PBXFileReference; lastKnownFileType = folder.assetcatalog; path = Assets.xcassets; sourceTree = "<group>"; };
		4FD95D5327902CDA008FFB68 /* Preview Assets.xcassets */ = {isa = PBXFileReference; lastKnownFileType = folder.assetcatalog; path = "Preview Assets.xcassets"; sourceTree = "<group>"; };
		4FD95D5C27902D54008FFB68 /* Constants.swift */ = {isa = PBXFileReference; lastKnownFileType = sourcecode.swift; path = Constants.swift; sourceTree = "<group>"; };
		4FD95D5E27902D79008FFB68 /* Error.swift */ = {isa = PBXFileReference; lastKnownFileType = sourcecode.swift; path = Error.swift; sourceTree = "<group>"; };
		4FD95D6027902F3E008FFB68 /* info.plist */ = {isa = PBXFileReference; fileEncoding = 4; lastKnownFileType = text.plist.xml; path = info.plist; sourceTree = "<group>"; };
		4FD95D6627903146008FFB68 /* LibraryAlbum.swift */ = {isa = PBXFileReference; lastKnownFileType = sourcecode.swift; path = LibraryAlbum.swift; sourceTree = "<group>"; };
		4FD95D6827903176008FFB68 /* LibraryAlbumsViewModel.swift */ = {isa = PBXFileReference; lastKnownFileType = sourcecode.swift; path = LibraryAlbumsViewModel.swift; sourceTree = "<group>"; };
		4FD95D6A27906690008FFB68 /* AlbumDetailView.swift */ = {isa = PBXFileReference; lastKnownFileType = sourcecode.swift; path = AlbumDetailView.swift; sourceTree = "<group>"; };
/* End PBXFileReference section */

/* Begin PBXFrameworksBuildPhase section */
		4FD95D4627902CD8008FFB68 /* Frameworks */ = {
			isa = PBXFrameworksBuildPhase;
			buildActionMask = 2147483647;
			files = (
			);
			runOnlyForDeploymentPostprocessing = 0;
		};
/* End PBXFrameworksBuildPhase section */

/* Begin PBXGroup section */
		4FD95D4027902CD8008FFB68 = {
			isa = PBXGroup;
			children = (
				4FD95D4B27902CD8008FFB68 /* Music-Player */,
				4FD95D4A27902CD8008FFB68 /* Products */,
			);
			sourceTree = "<group>";
		};
		4FD95D4A27902CD8008FFB68 /* Products */ = {
			isa = PBXGroup;
			children = (
				4FD95D4927902CD8008FFB68 /* Music-Player.app */,
			);
			name = Products;
			sourceTree = "<group>";
		};
		4FD95D4B27902CD8008FFB68 /* Music-Player */ = {
			isa = PBXGroup;
			children = (
				4FD95D4C27902CD8008FFB68 /* Music_PlayerApp.swift */,
				4FD95D652790311D008FFB68 /* Utilites */,
				4FD95D62279030E9008FFB68 /* Model */,
				4FD95D63279030EF008FFB68 /* ViewModel */,
				4FD95D64279030FE008FFB68 /* View */,
				4FD95D5027902CDA008FFB68 /* Assets.xcassets */,
				4FD95D6027902F3E008FFB68 /* info.plist */,
				4FD95D5227902CDA008FFB68 /* Preview Content */,
			);
			path = "Music-Player";
			sourceTree = "<group>";
		};
		4FD95D5227902CDA008FFB68 /* Preview Content */ = {
			isa = PBXGroup;
			children = (
				4FD95D5327902CDA008FFB68 /* Preview Assets.xcassets */,
			);
			path = "Preview Content";
			sourceTree = "<group>";
		};
		4FD95D62279030E9008FFB68 /* Model */ = {
			isa = PBXGroup;
			children = (
				4FD95D6627903146008FFB68 /* LibraryAlbum.swift */,
			);
			path = Model;
			sourceTree = "<group>";
		};
		4FD95D63279030EF008FFB68 /* ViewModel */ = {
			isa = PBXGroup;
			children = (
				4FD95D6827903176008FFB68 /* LibraryAlbumsViewModel.swift */,
			);
			path = ViewModel;
			sourceTree = "<group>";
		};
		4FD95D64279030FE008FFB68 /* View */ = {
			isa = PBXGroup;
			children = (
				4FD95D4E27902CD8008FFB68 /* LibraryView.swift */,
				4FD95D6A27906690008FFB68 /* AlbumDetailView.swift */,
			);
			path = View;
			sourceTree = "<group>";
		};
		4FD95D652790311D008FFB68 /* Utilites */ = {
			isa = PBXGroup;
			children = (
				4FD95D5E27902D79008FFB68 /* Error.swift */,
				4FD95D5C27902D54008FFB68 /* Constants.swift */,
			);
			path = Utilites;
			sourceTree = "<group>";
		};
/* End PBXGroup section */

/* Begin PBXNativeTarget section */
		4FD95D4827902CD8008FFB68 /* Music-Player */ = {
			isa = PBXNativeTarget;
			buildConfigurationList = 4FD95D5727902CDA008FFB68 /* Build configuration list for PBXNativeTarget "Music-Player" */;
			buildPhases = (
				4FD95D4527902CD8008FFB68 /* Sources */,
				4FD95D4627902CD8008FFB68 /* Frameworks */,
				4FD95D4727902CD8008FFB68 /* Resources */,
			);
			buildRules = (
			);
			dependencies = (
			);
			name = "Music-Player";
			productName = "Music-Player";
			productReference = 4FD95D4927902CD8008FFB68 /* Music-Player.app */;
			productType = "com.apple.product-type.application";
		};
/* End PBXNativeTarget section */

/* Begin PBXProject section */
		4FD95D4127902CD8008FFB68 /* Project object */ = {
			isa = PBXProject;
			attributes = {
				BuildIndependentTargetsInParallel = 1;
				LastSwiftUpdateCheck = 1320;
				LastUpgradeCheck = 1320;
				TargetAttributes = {
					4FD95D4827902CD8008FFB68 = {
						CreatedOnToolsVersion = 13.2.1;
					};
				};
			};
			buildConfigurationList = 4FD95D4427902CD8008FFB68 /* Build configuration list for PBXProject "Music-Player" */;
			compatibilityVersion = "Xcode 13.0";
			developmentRegion = en;
			hasScannedForEncodings = 0;
			knownRegions = (
				en,
				Base,
			);
			mainGroup = 4FD95D4027902CD8008FFB68;
			productRefGroup = 4FD95D4A27902CD8008FFB68 /* Products */;
			projectDirPath = "";
			projectRoot = "";
			targets = (
				4FD95D4827902CD8008FFB68 /* Music-Player */,
			);
		};
/* End PBXProject section */

/* Begin PBXResourcesBuildPhase section */
		4FD95D4727902CD8008FFB68 /* Resources */ = {
			isa = PBXResourcesBuildPhase;
			buildActionMask = 2147483647;
			files = (
				4FD95D5427902CDA008FFB68 /* Preview Assets.xcassets in Resources */,
				4FD95D5127902CDA008FFB68 /* Assets.xcassets in Resources */,
			);
			runOnlyForDeploymentPostprocessing = 0;
		};
/* End PBXResourcesBuildPhase section */

/* Begin PBXSourcesBuildPhase section */
		4FD95D4527902CD8008FFB68 /* Sources */ = {
			isa = PBXSourcesBuildPhase;
			buildActionMask = 2147483647;
			files = (
				4FD95D6927903176008FFB68 /* LibraryAlbumsViewModel.swift in Sources */,
				4FD95D5F27902D79008FFB68 /* Error.swift in Sources */,
				4FD95D4F27902CD8008FFB68 /* LibraryView.swift in Sources */,
				4FD95D4D27902CD8008FFB68 /* Music_PlayerApp.swift in Sources */,
				4FD95D5D27902D54008FFB68 /* Constants.swift in Sources */,
				4FD95D6B27906690008FFB68 /* AlbumDetailView.swift in Sources */,
				4FD95D6727903146008FFB68 /* LibraryAlbum.swift in Sources */,
			);
			runOnlyForDeploymentPostprocessing = 0;
		};
/* End PBXSourcesBuildPhase section */

/* Begin XCBuildConfiguration section */
		4FD95D5527902CDA008FFB68 /* Debug */ = {
			isa = XCBuildConfiguration;
			buildSettings = {
				ALWAYS_SEARCH_USER_PATHS = NO;
				CLANG_ANALYZER_NONNULL = YES;
				CLANG_ANALYZER_NUMBER_OBJECT_CONVERSION = YES_AGGRESSIVE;
				CLANG_CXX_LANGUAGE_STANDARD = "gnu++17";
				CLANG_CXX_LIBRARY = "libc++";
				CLANG_ENABLE_MODULES = YES;
				CLANG_ENABLE_OBJC_ARC = YES;
				CLANG_ENABLE_OBJC_WEAK = YES;
				CLANG_WARN_BLOCK_CAPTURE_AUTORELEASING = YES;
				CLANG_WARN_BOOL_CONVERSION = YES;
				CLANG_WARN_COMMA = YES;
				CLANG_WARN_CONSTANT_CONVERSION = YES;
				CLANG_WARN_DEPRECATED_OBJC_IMPLEMENTATIONS = YES;
				CLANG_WARN_DIRECT_OBJC_ISA_USAGE = YES_ERROR;
				CLANG_WARN_DOCUMENTATION_COMMENTS = YES;
				CLANG_WARN_EMPTY_BODY = YES;
				CLANG_WARN_ENUM_CONVERSION = YES;
				CLANG_WARN_INFINITE_RECURSION = YES;
				CLANG_WARN_INT_CONVERSION = YES;
				CLANG_WARN_NON_LITERAL_NULL_CONVERSION = YES;
				CLANG_WARN_OBJC_IMPLICIT_RETAIN_SELF = YES;
				CLANG_WARN_OBJC_LITERAL_CONVERSION = YES;
				CLANG_WARN_OBJC_ROOT_CLASS = YES_ERROR;
				CLANG_WARN_QUOTED_INCLUDE_IN_FRAMEWORK_HEADER = YES;
				CLANG_WARN_RANGE_LOOP_ANALYSIS = YES;
				CLANG_WARN_STRICT_PROTOTYPES = YES;
				CLANG_WARN_SUSPICIOUS_MOVE = YES;
				CLANG_WARN_UNGUARDED_AVAILABILITY = YES_AGGRESSIVE;
				CLANG_WARN_UNREACHABLE_CODE = YES;
				CLANG_WARN__DUPLICATE_METHOD_MATCH = YES;
				COPY_PHASE_STRIP = NO;
				DEBUG_INFORMATION_FORMAT = dwarf;
				ENABLE_STRICT_OBJC_MSGSEND = YES;
				ENABLE_TESTABILITY = YES;
				GCC_C_LANGUAGE_STANDARD = gnu11;
				GCC_DYNAMIC_NO_PIC = NO;
				GCC_NO_COMMON_BLOCKS = YES;
				GCC_OPTIMIZATION_LEVEL = 0;
				GCC_PREPROCESSOR_DEFINITIONS = (
					"DEBUG=1",
					"$(inherited)",
				);
				GCC_WARN_64_TO_32_BIT_CONVERSION = YES;
				GCC_WARN_ABOUT_RETURN_TYPE = YES_ERROR;
				GCC_WARN_UNDECLARED_SELECTOR = YES;
				GCC_WARN_UNINITIALIZED_AUTOS = YES_AGGRESSIVE;
				GCC_WARN_UNUSED_FUNCTION = YES;
				GCC_WARN_UNUSED_VARIABLE = YES;
				IPHONEOS_DEPLOYMENT_TARGET = 15.2;
				MTL_ENABLE_DEBUG_INFO = INCLUDE_SOURCE;
				MTL_FAST_MATH = YES;
				ONLY_ACTIVE_ARCH = YES;
				SDKROOT = iphoneos;
				SWIFT_ACTIVE_COMPILATION_CONDITIONS = DEBUG;
				SWIFT_OPTIMIZATION_LEVEL = "-Onone";
			};
			name = Debug;
		};
		4FD95D5627902CDA008FFB68 /* Release */ = {
			isa = XCBuildConfiguration;
			buildSettings = {
				ALWAYS_SEARCH_USER_PATHS = NO;
				CLANG_ANALYZER_NONNULL = YES;
				CLANG_ANALYZER_NUMBER_OBJECT_CONVERSION = YES_AGGRESSIVE;
				CLANG_CXX_LANGUAGE_STANDARD = "gnu++17";
				CLANG_CXX_LIBRARY = "libc++";
				CLANG_ENABLE_MODULES = YES;
				CLANG_ENABLE_OBJC_ARC = YES;
				CLANG_ENABLE_OBJC_WEAK = YES;
				CLANG_WARN_BLOCK_CAPTURE_AUTORELEASING = YES;
				CLANG_WARN_BOOL_CONVERSION = YES;
				CLANG_WARN_COMMA = YES;
				CLANG_WARN_CONSTANT_CONVERSION = YES;
				CLANG_WARN_DEPRECATED_OBJC_IMPLEMENTATIONS = YES;
				CLANG_WARN_DIRECT_OBJC_ISA_USAGE = YES_ERROR;
				CLANG_WARN_DOCUMENTATION_COMMENTS = YES;
				CLANG_WARN_EMPTY_BODY = YES;
				CLANG_WARN_ENUM_CONVERSION = YES;
				CLANG_WARN_INFINITE_RECURSION = YES;
				CLANG_WARN_INT_CONVERSION = YES;
				CLANG_WARN_NON_LITERAL_NULL_CONVERSION = YES;
				CLANG_WARN_OBJC_IMPLICIT_RETAIN_SELF = YES;
				CLANG_WARN_OBJC_LITERAL_CONVERSION = YES;
				CLANG_WARN_OBJC_ROOT_CLASS = YES_ERROR;
				CLANG_WARN_QUOTED_INCLUDE_IN_FRAMEWORK_HEADER = YES;
				CLANG_WARN_RANGE_LOOP_ANALYSIS = YES;
				CLANG_WARN_STRICT_PROTOTYPES = YES;
				CLANG_WARN_SUSPICIOUS_MOVE = YES;
				CLANG_WARN_UNGUARDED_AVAILABILITY = YES_AGGRESSIVE;
				CLANG_WARN_UNREACHABLE_CODE = YES;
				CLANG_WARN__DUPLICATE_METHOD_MATCH = YES;
				COPY_PHASE_STRIP = NO;
				DEBUG_INFORMATION_FORMAT = "dwarf-with-dsym";
				ENABLE_NS_ASSERTIONS = NO;
				ENABLE_STRICT_OBJC_MSGSEND = YES;
				GCC_C_LANGUAGE_STANDARD = gnu11;
				GCC_NO_COMMON_BLOCKS = YES;
				GCC_WARN_64_TO_32_BIT_CONVERSION = YES;
				GCC_WARN_ABOUT_RETURN_TYPE = YES_ERROR;
				GCC_WARN_UNDECLARED_SELECTOR = YES;
				GCC_WARN_UNINITIALIZED_AUTOS = YES_AGGRESSIVE;
				GCC_WARN_UNUSED_FUNCTION = YES;
				GCC_WARN_UNUSED_VARIABLE = YES;
				IPHONEOS_DEPLOYMENT_TARGET = 15.2;
				MTL_ENABLE_DEBUG_INFO = NO;
				MTL_FAST_MATH = YES;
				SDKROOT = iphoneos;
				SWIFT_COMPILATION_MODE = wholemodule;
				SWIFT_OPTIMIZATION_LEVEL = "-O";
				VALIDATE_PRODUCT = YES;
			};
			name = Release;
		};
		4FD95D5827902CDA008FFB68 /* Debug */ = {
			isa = XCBuildConfiguration;
			buildSettings = {
				ASSETCATALOG_COMPILER_APPICON_NAME = AppIcon;
				ASSETCATALOG_COMPILER_GLOBAL_ACCENT_COLOR_NAME = AccentColor;
				CODE_SIGN_STYLE = Automatic;
				CURRENT_PROJECT_VERSION = 1;
				DEVELOPMENT_ASSET_PATHS = "\"Music-Player/Preview Content\"";
				DEVELOPMENT_TEAM = 8QSTXVD8H9;
				ENABLE_PREVIEWS = YES;
				GENERATE_INFOPLIST_FILE = NO;
				INFOPLIST_FILE = "/Users/Feldblume/DEV_Noah/iOS_Music-Player/Music-Player/Music-Player/info.plist";
				INFOPLIST_KEY_UIApplicationSceneManifest_Generation = YES;
				INFOPLIST_KEY_UIApplicationSupportsIndirectInputEvents = YES;
				INFOPLIST_KEY_UILaunchScreen_Generation = YES;
				INFOPLIST_KEY_UISupportedInterfaceOrientations_iPad = "UIInterfaceOrientationPortrait UIInterfaceOrientationPortraitUpsideDown UIInterfaceOrientationLandscapeLeft UIInterfaceOrientationLandscapeRight";
				INFOPLIST_KEY_UISupportedInterfaceOrientations_iPhone = "UIInterfaceOrientationPortrait UIInterfaceOrientationLandscapeLeft UIInterfaceOrientationLandscapeRight";
				LD_RUNPATH_SEARCH_PATHS = (
					"$(inherited)",
					"@executable_path/Frameworks",
				);
				MARKETING_VERSION = 1.0;
				PRODUCT_BUNDLE_IDENTIFIER = "com.NoahPark.Music-Player";
				PRODUCT_NAME = "$(TARGET_NAME)";
				SWIFT_EMIT_LOC_STRINGS = YES;
				SWIFT_VERSION = 5.0;
				TARGETED_DEVICE_FAMILY = "1,2";
			};
			name = Debug;
		};
		4FD95D5927902CDA008FFB68 /* Release */ = {
			isa = XCBuildConfiguration;
			buildSettings = {
				ASSETCATALOG_COMPILER_APPICON_NAME = AppIcon;
				ASSETCATALOG_COMPILER_GLOBAL_ACCENT_COLOR_NAME = AccentColor;
				CODE_SIGN_STYLE = Automatic;
				CURRENT_PROJECT_VERSION = 1;
				DEVELOPMENT_ASSET_PATHS = "\"Music-Player/Preview Content\"";
				DEVELOPMENT_TEAM = 8QSTXVD8H9;
				ENABLE_PREVIEWS = YES;
				GENERATE_INFOPLIST_FILE = NO;
				INFOPLIST_FILE = "/Users/Feldblume/DEV_Noah/iOS_Music-Player/Music-Player/Music-Player/info.plist";
				INFOPLIST_KEY_UIApplicationSceneManifest_Generation = YES;
				INFOPLIST_KEY_UIApplicationSupportsIndirectInputEvents = YES;
				INFOPLIST_KEY_UILaunchScreen_Generation = YES;
				INFOPLIST_KEY_UISupportedInterfaceOrientations_iPad = "UIInterfaceOrientationPortrait UIInterfaceOrientationPortraitUpsideDown UIInterfaceOrientationLandscapeLeft UIInterfaceOrientationLandscapeRight";
				INFOPLIST_KEY_UISupportedInterfaceOrientations_iPhone = "UIInterfaceOrientationPortrait UIInterfaceOrientationLandscapeLeft UIInterfaceOrientationLandscapeRight";
				LD_RUNPATH_SEARCH_PATHS = (
					"$(inherited)",
					"@executable_path/Frameworks",
				);
				MARKETING_VERSION = 1.0;
				PRODUCT_BUNDLE_IDENTIFIER = "com.NoahPark.Music-Player";
				PRODUCT_NAME = "$(TARGET_NAME)";
				SWIFT_EMIT_LOC_STRINGS = YES;
				SWIFT_VERSION = 5.0;
				TARGETED_DEVICE_FAMILY = "1,2";
			};
			name = Release;
		};
/* End XCBuildConfiguration section */

/* Begin XCConfigurationList section */
		4FD95D4427902CD8008FFB68 /* Build configuration list for PBXProject "Music-Player" */ = {
			isa = XCConfigurationList;
			buildConfigurations = (
				4FD95D5527902CDA008FFB68 /* Debug */,
				4FD95D5627902CDA008FFB68 /* Release */,
			);
			defaultConfigurationIsVisible = 0;
			defaultConfigurationName = Release;
		};
		4FD95D5727902CDA008FFB68 /* Build configuration list for PBXNativeTarget "Music-Player" */ = {
			isa = XCConfigurationList;
			buildConfigurations = (
				4FD95D5827902CDA008FFB68 /* Debug */,
				4FD95D5927902CDA008FFB68 /* Release */,
			);
			defaultConfigurationIsVisible = 0;
			defaultConfigurationName = Release;
		};
/* End XCConfigurationList section */
	};
	rootObject = 4FD95D4127902CD8008FFB68 /* Project object */;
}
